{
  "name": "Voice-Based-ER-Diagram",
  "lockfileVersion": 2,
  "requires": true,
  "packages": {
    "": {
      "dependencies": {
        "bayes-classifier": "^0.0.5",
        "jointjs": "^3.4.4",
        "js-levenshtein": "^1.1.6",
        "rita": "^2.7.1",
        "sweetalert": "^2.1.2"
      }
    },
    "node_modules/backbone": {
      "version": "1.4.0",
      "resolved": "https://registry.npmjs.org/backbone/-/backbone-1.4.0.tgz",
      "integrity": "sha512-RLmDrRXkVdouTg38jcgHhyQ/2zjg7a8E6sz2zxfz21Hh17xDJYUHBZimVIt5fUyS8vbfpeSmTL3gUjTEvUV3qQ==",
      "dependencies": {
        "underscore": ">=1.8.3"
      }
    },
    "node_modules/bayes-classifier": {
      "version": "0.0.5",
      "resolved": "https://registry.npmjs.org/bayes-classifier/-/bayes-classifier-0.0.5.tgz",
      "integrity": "sha1-NblKXL+/YUNWGldZVW7rPC7G5y4="
    },
    "node_modules/dagre": {
      "version": "0.8.5",
      "resolved": "https://registry.npmjs.org/dagre/-/dagre-0.8.5.tgz",
      "integrity": "sha512-/aTqmnRta7x7MCCpExk7HQL2O4owCT2h8NT//9I1OQ9vt29Pa0BzSAkR5lwFUcQ7491yVi/3CXU9jQ5o0Mn2Sw==",
      "dependencies": {
        "graphlib": "^2.1.8",
        "lodash": "^4.17.15"
      }
    },
    "node_modules/es6-object-assign": {
      "version": "1.1.0",
      "resolved": "https://registry.npmjs.org/es6-object-assign/-/es6-object-assign-1.1.0.tgz",
      "integrity": "sha1-wsNYJlYkfDnqEHyx5mUrb58kUjw="
    },
    "node_modules/graphlib": {
      "version": "2.1.8",
      "resolved": "https://registry.npmjs.org/graphlib/-/graphlib-2.1.8.tgz",
      "integrity": "sha512-jcLLfkpoVGmH7/InMC/1hIvOPSUh38oJtGhvrOFGzioE1DZ+0YW16RgmOJhHiuWTvGiJQ9Z1Ik43JvkRPRvE+A==",
      "dependencies": {
        "lodash": "^4.17.15"
      }
    },
    "node_modules/jointjs": {
      "version": "3.4.4",
      "resolved": "https://registry.npmjs.org/jointjs/-/jointjs-3.4.4.tgz",
      "integrity": "sha512-X4eBjO7P8Uxi06+V2hgvF1PCNWGbz6jSYPIbFgnJ4sSYL8dbgPWOA7+LNA8QXswTP9EIHsHhoh03HLiHqKkjWA==",
      "dependencies": {
        "backbone": "~1.4.0",
        "dagre": "~0.8.5",
        "graphlib": "~2.1.8",
        "jquery": "~3.6.0",
        "lodash": "~4.17.21"
      }
    },
    "node_modules/jquery": {
      "version": "3.6.0",
      "resolved": "https://registry.npmjs.org/jquery/-/jquery-3.6.0.tgz",
      "integrity": "sha512-JVzAR/AjBvVt2BmYhxRCSYysDsPcssdmTFnzyLEts9qNwmjmu4JTAMYubEfwVOSwpQ1I1sKKFcxhZCI2buerfw=="
    },
    "node_modules/js-levenshtein": {
      "version": "1.1.6",
      "resolved": "https://registry.npmjs.org/js-levenshtein/-/js-levenshtein-1.1.6.tgz",
      "integrity": "sha512-X2BB11YZtrRqY4EnQcLX5Rh373zbK4alC1FW7D7MBhL2gtcC17cTnr6DmfHZeS0s2rTHjUTMMHfG7gO8SSdw+g==",
      "engines": {
        "node": ">=0.10.0"
      }
    },
    "node_modules/lodash": {
      "version": "4.17.21",
      "resolved": "https://registry.npmjs.org/lodash/-/lodash-4.17.21.tgz",
      "integrity": "sha512-v2kDEe57lecTulaDIuNTPy3Ry4gLGJ6Z1O3vE1krgXZNrsQ+LFTGHVxVjcXPs17LhbZVGedAJv8XZ1tvj5FvSg=="
    },
    "node_modules/promise-polyfill": {
      "version": "6.1.0",
      "resolved": "https://registry.npmjs.org/promise-polyfill/-/promise-polyfill-6.1.0.tgz",
      "integrity": "sha1-36lpQ+qcEh/KTem1hoyznTRy4Fc="
    },
    "node_modules/rita": {
      "version": "2.7.1",
      "resolved": "https://registry.npmjs.org/rita/-/rita-2.7.1.tgz",
      "integrity": "sha512-jNK82h9UoQhQHbBQBNj8o8bIEEIP8gORkc0bSbzmgGDN2Nv2dExmSwt4dkJYcisltu1jD4zMSm/z4QvTCRnbRQ=="
    },
    "node_modules/sweetalert": {
      "version": "2.1.2",
      "resolved": "https://registry.npmjs.org/sweetalert/-/sweetalert-2.1.2.tgz",
      "integrity": "sha512-iWx7X4anRBNDa/a+AdTmvAzQtkN1+s4j/JJRWlHpYE8Qimkohs8/XnFcWeYHH2lMA8LRCa5tj2d244If3S/hzA==",
      "dependencies": {
        "es6-object-assign": "^1.1.0",
        "promise-polyfill": "^6.0.2"
      }
    },
    "node_modules/underscore": {
      "version": "1.13.2",
      "resolved": "https://registry.npmjs.org/underscore/-/underscore-1.13.2.tgz",
      "integrity": "sha512-ekY1NhRzq0B08g4bGuX4wd2jZx5GnKz6mKSqFL4nqBlfyMGiG10gDFhDTMEfYmDL6Jy0FUIZp7wiRB+0BP7J2g=="
    }
  },
  "dependencies": {
    "backbone": {
      "version": "1.4.0",
      "resolved": "https://registry.npmjs.org/backbone/-/backbone-1.4.0.tgz",
      "integrity": "sha512-RLmDrRXkVdouTg38jcgHhyQ/2zjg7a8E6sz2zxfz21Hh17xDJYUHBZimVIt5fUyS8vbfpeSmTL3gUjTEvUV3qQ==",
      "requires": {
        "underscore": ">=1.8.3"
      }
    },
    "bayes-classifier": {
      "version": "0.0.5",
      "resolved": "https://registry.npmjs.org/bayes-classifier/-/bayes-classifier-0.0.5.tgz",
      "integrity": "sha1-NblKXL+/YUNWGldZVW7rPC7G5y4="
    },
    "dagre": {
      "version": "0.8.5",
      "resolved": "https://registry.npmjs.org/dagre/-/dagre-0.8.5.tgz",
      "integrity": "sha512-/aTqmnRta7x7MCCpExk7HQL2O4owCT2h8NT//9I1OQ9vt29Pa0BzSAkR5lwFUcQ7491yVi/3CXU9jQ5o0Mn2Sw==",
      "requires": {
        "graphlib": "^2.1.8",
        "lodash": "^4.17.15"
      }
    },
    "es6-object-assign": {
      "version": "1.1.0",
      "resolved": "https://registry.npmjs.org/es6-object-assign/-/es6-object-assign-1.1.0.tgz",
      "integrity": "sha1-wsNYJlYkfDnqEHyx5mUrb58kUjw="
    },
    "graphlib": {
      "version": "2.1.8",
      "resolved": "https://registry.npmjs.org/graphlib/-/graphlib-2.1.8.tgz",
      "integrity": "sha512-jcLLfkpoVGmH7/InMC/1hIvOPSUh38oJtGhvrOFGzioE1DZ+0YW16RgmOJhHiuWTvGiJQ9Z1Ik43JvkRPRvE+A==",
      "requires": {
        "lodash": "^4.17.15"
      }
    },
    "jointjs": {
      "version": "3.4.4",
      "resolved": "https://registry.npmjs.org/jointjs/-/jointjs-3.4.4.tgz",
      "integrity": "sha512-X4eBjO7P8Uxi06+V2hgvF1PCNWGbz6jSYPIbFgnJ4sSYL8dbgPWOA7+LNA8QXswTP9EIHsHhoh03HLiHqKkjWA==",
      "requires": {
        "backbone": "~1.4.0",
        "dagre": "~0.8.5",
        "graphlib": "~2.1.8",
        "jquery": "~3.6.0",
        "lodash": "~4.17.21"
      }
    },
    "jquery": {
      "version": "3.6.0",
      "resolved": "https://registry.npmjs.org/jquery/-/jquery-3.6.0.tgz",
      "integrity": "sha512-JVzAR/AjBvVt2BmYhxRCSYysDsPcssdmTFnzyLEts9qNwmjmu4JTAMYubEfwVOSwpQ1I1sKKFcxhZCI2buerfw=="
    },
    "js-levenshtein": {
      "version": "1.1.6",
      "resolved": "https://registry.npmjs.org/js-levenshtein/-/js-levenshtein-1.1.6.tgz",
      "integrity": "sha512-X2BB11YZtrRqY4EnQcLX5Rh373zbK4alC1FW7D7MBhL2gtcC17cTnr6DmfHZeS0s2rTHjUTMMHfG7gO8SSdw+g=="
    },
    "lodash": {
      "version": "4.17.21",
      "resolved": "https://registry.npmjs.org/lodash/-/lodash-4.17.21.tgz",
      "integrity": "sha512-v2kDEe57lecTulaDIuNTPy3Ry4gLGJ6Z1O3vE1krgXZNrsQ+LFTGHVxVjcXPs17LhbZVGedAJv8XZ1tvj5FvSg=="
    },
    "promise-polyfill": {
      "version": "6.1.0",
      "resolved": "https://registry.npmjs.org/promise-polyfill/-/promise-polyfill-6.1.0.tgz",
      "integrity": "sha1-36lpQ+qcEh/KTem1hoyznTRy4Fc="
    },
    "rita": {
      "version": "2.7.1",
      "resolved": "https://registry.npmjs.org/rita/-/rita-2.7.1.tgz",
      "integrity": "sha512-jNK82h9UoQhQHbBQBNj8o8bIEEIP8gORkc0bSbzmgGDN2Nv2dExmSwt4dkJYcisltu1jD4zMSm/z4QvTCRnbRQ=="
    },
    "sweetalert": {
      "version": "2.1.2",
      "resolved": "https://registry.npmjs.org/sweetalert/-/sweetalert-2.1.2.tgz",
      "integrity": "sha512-iWx7X4anRBNDa/a+AdTmvAzQtkN1+s4j/JJRWlHpYE8Qimkohs8/XnFcWeYHH2lMA8LRCa5tj2d244If3S/hzA==",
      "requires": {
        "es6-object-assign": "^1.1.0",
        "promise-polyfill": "^6.0.2"
      }
    },
    "underscore": {
      "version": "1.13.2",
      "resolved": "https://registry.npmjs.org/underscore/-/underscore-1.13.2.tgz",
      "integrity": "sha512-ekY1NhRzq0B08g4bGuX4wd2jZx5GnKz6mKSqFL4nqBlfyMGiG10gDFhDTMEfYmDL6Jy0FUIZp7wiRB+0BP7J2g=="
    }
  }
}
